
Microsoft Visual Studio Solution File, Format Version 12.00
# Visual Studio Version 16
VisualStudioVersion = 16.0.31702.278
MinimumVisualStudioVersion = 10.0.40219.1
Project("{FAE04EC0-301F-11D3-BF4B-00C04F79EFBC}") = "NumberAnalyzer", "NumberAnalyzer.csproj", "{55BCD9BE-9CB6-4ACF-BB8A-1EAFC2014E26}"
EndProject
Global
	GlobalSection(SolutionConfigurationPlatforms) = preSolution
		Debug|Any CPU = Debug|Any CPU
		Release|Any CPU = Release|Any CPU
	EndGlobalSection
	GlobalSection(ProjectConfigurationPlatforms) = postSolution
		{55BCD9BE-9CB6-4ACF-BB8A-1EAFC2014E26}.Debug|Any CPU.ActiveCfg = Debug|Any CPU
		{55BCD9BE-9CB6-4ACF-BB8A-1EAFC2014E26}.Debug|Any CPU.Build.0 = Debug|Any CPU
		{55BCD9BE-9CB6-4ACF-BB8A-1EAFC2014E26}.Release|Any CPU.ActiveCfg = Release|Any CPU
		{55BCD9BE-9CB6-4ACF-BB8A-1EAFC2014E26}.Release|Any CPU.Build.0 = Release|Any CPU
	EndGlobalSection
	GlobalSection(SolutionProperties) = preSolution
		HideSolutionNode = FALSE
	EndGlobalSection
	GlobalSection(ExtensibilityGlobals) = postSolution
		SolutionGuid = {D96B42EC-0611-4A11-84DB-3A872335B47F}
	EndGlobalSection
EndGlobal
